
Microsoft Visual Studio Solution File, Format Version 12.00
# Visual Studio Version 17
VisualStudioVersion = 17.2.32505.173
MinimumVisualStudioVersion = 10.0.40219.1
Project("{FAE04EC0-301F-11D3-BF4B-00C04F79EFBC}") = "WebApi_TodoApp", "WebApi_TodoApp\WebApi_TodoApp.csproj", "{BC15C523-3ADE-4FFE-A1C1-1639E0FA3A0F}"
EndProject
Global
	GlobalSection(SolutionConfigurationPlatforms) = preSolution
		Debug|Any CPU = Debug|Any CPU
		Release|Any CPU = Release|Any CPU
	EndGlobalSection
	GlobalSection(ProjectConfigurationPlatforms) = postSolution
		{BC15C523-3ADE-4FFE-A1C1-1639E0FA3A0F}.Debug|Any CPU.ActiveCfg = Debug|Any CPU
		{BC15C523-3ADE-4FFE-A1C1-1639E0FA3A0F}.Debug|Any CPU.Build.0 = Debug|Any CPU
		{BC15C523-3ADE-4FFE-A1C1-1639E0FA3A0F}.Release|Any CPU.ActiveCfg = Release|Any CPU
		{BC15C523-3ADE-4FFE-A1C1-1639E0FA3A0F}.Release|Any CPU.Build.0 = Release|Any CPU
	EndGlobalSection
	GlobalSection(SolutionProperties) = preSolution
		HideSolutionNode = FALSE
	EndGlobalSection
	GlobalSection(ExtensibilityGlobals) = postSolution
		SolutionGuid = {E8317A2A-02C9-4F96-B3B2-1A052E9A07EC}
	EndGlobalSection
EndGlobal
